
Microsoft Visual Studio Solution File, Format Version 12.00
# Visual Studio Version 17
VisualStudioVersion = 17.7.34202.233
MinimumVisualStudioVersion = 10.0.40219.1
Project("{9A19103F-16F7-4668-BE54-9A1E7A4F7556}") = "PCStore", "PCStore.csproj", "{06054177-1196-4C70-8F6C-D17A0389E731}"
EndProject
Project("{9A19103F-16F7-4668-BE54-9A1E7A4F7556}") = "PCStore.BL", "..\PCStore.BL\PCStore.BL.csproj", "{E3E47F42-1A63-42D9-916B-3DEBB74EA87A}"
	ProjectSection(ProjectDependencies) = postProject
		{9AAB1B17-4FD5-406E-A054-D68AD41B07A9} = {9AAB1B17-4FD5-406E-A054-D68AD41B07A9}
		{D9C54410-0FAF-47E6-AC50-67BAB758152B} = {D9C54410-0FAF-47E6-AC50-67BAB758152B}
	EndProjectSection
EndProject
Project("{9A19103F-16F7-4668-BE54-9A1E7A4F7556}") = "PCStore.DL", "..\PCStore.DL\PCStore.DL.csproj", "{D9C54410-0FAF-47E6-AC50-67BAB758152B}"
EndProject
Project("{9A19103F-16F7-4668-BE54-9A1E7A4F7556}") = "PCStore.Models", "..\PCStore.Models\PCStore.Models.csproj", "{9AAB1B17-4FD5-406E-A054-D68AD41B07A9}"
EndProject
Project("{FAE04EC0-301F-11D3-BF4B-00C04F79EFBC}") = "PCStore.Test", "..\PCStore.Test\PCStore.Test.csproj", "{347E9CE5-93D2-48A4-9D8C-340B9290FDD3}"
	ProjectSection(ProjectDependencies) = postProject
		{06054177-1196-4C70-8F6C-D17A0389E731} = {06054177-1196-4C70-8F6C-D17A0389E731}
		{D9C54410-0FAF-47E6-AC50-67BAB758152B} = {D9C54410-0FAF-47E6-AC50-67BAB758152B}
		{E3E47F42-1A63-42D9-916B-3DEBB74EA87A} = {E3E47F42-1A63-42D9-916B-3DEBB74EA87A}
	EndProjectSection
EndProject
Global
	GlobalSection(SolutionConfigurationPlatforms) = preSolution
		Debug|Any CPU = Debug|Any CPU
		Release|Any CPU = Release|Any CPU
	EndGlobalSection
	GlobalSection(ProjectConfigurationPlatforms) = postSolution
		{06054177-1196-4C70-8F6C-D17A0389E731}.Debug|Any CPU.ActiveCfg = Debug|Any CPU
		{06054177-1196-4C70-8F6C-D17A0389E731}.Debug|Any CPU.Build.0 = Debug|Any CPU
		{06054177-1196-4C70-8F6C-D17A0389E731}.Release|Any CPU.ActiveCfg = Release|Any CPU
		{06054177-1196-4C70-8F6C-D17A0389E731}.Release|Any CPU.Build.0 = Release|Any CPU
		{E3E47F42-1A63-42D9-916B-3DEBB74EA87A}.Debug|Any CPU.ActiveCfg = Debug|Any CPU
		{E3E47F42-1A63-42D9-916B-3DEBB74EA87A}.Debug|Any CPU.Build.0 = Debug|Any CPU
		{E3E47F42-1A63-42D9-916B-3DEBB74EA87A}.Release|Any CPU.ActiveCfg = Release|Any CPU
		{E3E47F42-1A63-42D9-916B-3DEBB74EA87A}.Release|Any CPU.Build.0 = Release|Any CPU
		{D9C54410-0FAF-47E6-AC50-67BAB758152B}.Debug|Any CPU.ActiveCfg = Debug|Any CPU
		{D9C54410-0FAF-47E6-AC50-67BAB758152B}.Debug|Any CPU.Build.0 = Debug|Any CPU
		{D9C54410-0FAF-47E6-AC50-67BAB758152B}.Release|Any CPU.ActiveCfg = Release|Any CPU
		{D9C54410-0FAF-47E6-AC50-67BAB758152B}.Release|Any CPU.Build.0 = Release|Any CPU
		{9AAB1B17-4FD5-406E-A054-D68AD41B07A9}.Debug|Any CPU.ActiveCfg = Debug|Any CPU
		{9AAB1B17-4FD5-406E-A054-D68AD41B07A9}.Debug|Any CPU.Build.0 = Debug|Any CPU
		{9AAB1B17-4FD5-406E-A054-D68AD41B07A9}.Release|Any CPU.ActiveCfg = Release|Any CPU
		{9AAB1B17-4FD5-406E-A054-D68AD41B07A9}.Release|Any CPU.Build.0 = Release|Any CPU
		{347E9CE5-93D2-48A4-9D8C-340B9290FDD3}.Debug|Any CPU.ActiveCfg = Debug|Any CPU
		{347E9CE5-93D2-48A4-9D8C-340B9290FDD3}.Debug|Any CPU.Build.0 = Debug|Any CPU
		{347E9CE5-93D2-48A4-9D8C-340B9290FDD3}.Release|Any CPU.ActiveCfg = Release|Any CPU
		{347E9CE5-93D2-48A4-9D8C-340B9290FDD3}.Release|Any CPU.Build.0 = Release|Any CPU
	EndGlobalSection
	GlobalSection(SolutionProperties) = preSolution
		HideSolutionNode = FALSE
	EndGlobalSection
	GlobalSection(ExtensibilityGlobals) = postSolution
		SolutionGuid = {0CB89A21-DE80-4F11-B0A0-EC3836292503}
	EndGlobalSection
EndGlobal
